
Microsoft Visual Studio Solution File, Format Version 12.00
# Visual Studio Version 16
VisualStudioVersion = 16.0.30128.74
MinimumVisualStudioVersion = 10.0.40219.1
Project("{FAE04EC0-301F-11D3-BF4B-00C04F79EFBC}") = "WCFServiceProject", "WCFServiceProject.csproj", "{256FF1A1-A3D4-4202-8149-D43D7BB6F419}"
EndProject
Project("{FAE04EC0-301F-11D3-BF4B-00C04F79EFBC}") = "HelloServiceHost", "..\HelloServiceHost\HelloServiceHost.csproj", "{C537CFC6-0D49-44BE-8F7F-B7FABCC28DC4}"
EndProject
Global
	GlobalSection(SolutionConfigurationPlatforms) = preSolution
		Debug|Any CPU = Debug|Any CPU
		Release|Any CPU = Release|Any CPU
	EndGlobalSection
	GlobalSection(ProjectConfigurationPlatforms) = postSolution
		{256FF1A1-A3D4-4202-8149-D43D7BB6F419}.Debug|Any CPU.ActiveCfg = Debug|Any CPU
		{256FF1A1-A3D4-4202-8149-D43D7BB6F419}.Debug|Any CPU.Build.0 = Debug|Any CPU
		{256FF1A1-A3D4-4202-8149-D43D7BB6F419}.Release|Any CPU.ActiveCfg = Release|Any CPU
		{256FF1A1-A3D4-4202-8149-D43D7BB6F419}.Release|Any CPU.Build.0 = Release|Any CPU
		{C537CFC6-0D49-44BE-8F7F-B7FABCC28DC4}.Debug|Any CPU.ActiveCfg = Debug|Any CPU
		{C537CFC6-0D49-44BE-8F7F-B7FABCC28DC4}.Debug|Any CPU.Build.0 = Debug|Any CPU
		{C537CFC6-0D49-44BE-8F7F-B7FABCC28DC4}.Release|Any CPU.ActiveCfg = Release|Any CPU
		{C537CFC6-0D49-44BE-8F7F-B7FABCC28DC4}.Release|Any CPU.Build.0 = Release|Any CPU
	EndGlobalSection
	GlobalSection(SolutionProperties) = preSolution
		HideSolutionNode = FALSE
	EndGlobalSection
	GlobalSection(ExtensibilityGlobals) = postSolution
		SolutionGuid = {E247ED7B-5735-41DD-8EA7-C118922A28CE}
	EndGlobalSection
EndGlobal
